
Microsoft Visual Studio Solution File, Format Version 12.00
# Visual Studio Version 17
VisualStudioVersion = 17.11.35222.181
MinimumVisualStudioVersion = 10.0.40219.1
Project("{2150E333-8FDC-42A3-9474-1A3956D46DE8}") = "Task0", "Task0", "{80D57D15-D1E3-45C0-B469-E5723F18423B}"
EndProject
Project("{9A19103F-16F7-4668-BE54-9A1E7A4F7556}") = "Tyuiu.ZaharovVV.Sprint1.Task0.V6", "Tyuiu.ZaharovVV.Sprint1.Task0.V6\Tyuiu.ZaharovVV.Sprint1.Task0.V6.csproj", "{3E9812F6-6CDC-4002-9E7F-FFADAA69F8B2}"
EndProject
Project("{9A19103F-16F7-4668-BE54-9A1E7A4F7556}") = "Tyuiu.ZaharovVV.Sprint1.Task0.V6.Test", "Tyuiu.ZaharovVV.Sprint1.Task0.V6.Test\Tyuiu.ZaharovVV.Sprint1.Task0.V6.Test.csproj", "{B74BA3FF-F577-48BF-BFFD-0CF34BD1D598}"
EndProject
Project("{9A19103F-16F7-4668-BE54-9A1E7A4F7556}") = "Tyuiu.ZaharovVV.Sprint1.Task0.V6.Lib", "Tyuiu.ZaharovVV.Sprint1.Task0.V6.Lib\Tyuiu.ZaharovVV.Sprint1.Task0.V6.Lib.csproj", "{EFCE79CA-2FFD-4A19-B88E-A0778448891C}"
EndProject
Project("{2150E333-8FDC-42A3-9474-1A3956D46DE8}") = "Task1", "Task1", "{FBB44EAD-0869-40F5-AF2A-4F5FF07E8471}"
EndProject
Project("{9A19103F-16F7-4668-BE54-9A1E7A4F7556}") = "Tyuiu.ZaharovVV.Sprint1.Task1.V7", "Tyuiu.ZaharovVV.Sprint1.Task1.V7\Tyuiu.ZaharovVV.Sprint1.Task1.V7.csproj", "{500642BA-E9E8-4DE9-9052-5B3A67533224}"
EndProject
Project("{9A19103F-16F7-4668-BE54-9A1E7A4F7556}") = "Tyuiu.ZaharovVV.Sprint1.Task1.V7.Lib", "Tyuiu.ZaharovVV.Sprint1.Task1.V7.Lib\Tyuiu.ZaharovVV.Sprint1.Task1.V7.Lib.csproj", "{4D796233-3EDB-40DA-BA26-298AAE53A03F}"
EndProject
Project("{9A19103F-16F7-4668-BE54-9A1E7A4F7556}") = "Tyuiu.ZaharovVV.Sprint1.Task1.V7.Test", "Tyuiu.ZaharovVV.Sprint1.Task1.V7.Test\Tyuiu.ZaharovVV.Sprint1.Task1.V7.Test.csproj", "{2C3869A7-09A2-4859-93B1-14233ADA4691}"
EndProject
Project("{2150E333-8FDC-42A3-9474-1A3956D46DE8}") = "Task2", "Task2", "{AE240412-C1B3-459C-A162-A72B7E60E5AF}"
EndProject
Project("{9A19103F-16F7-4668-BE54-9A1E7A4F7556}") = "Tyuiu.ZaharovVV.Sprint1.Task2.V6", "Tyuiu.ZaharovVV.Sprint1.Task2.V6\Tyuiu.ZaharovVV.Sprint1.Task2.V6.csproj", "{E34047D5-B421-4E99-976A-34C11CB032DB}"
EndProject
Project("{9A19103F-16F7-4668-BE54-9A1E7A4F7556}") = "Tyuiu.ZaharovVV.Sprint1.Task2.V6.Lib", "Tyuiu.ZaharovVV.Sprint1.Task2.V6.Lib\Tyuiu.ZaharovVV.Sprint1.Task2.V6.Lib.csproj", "{34C8F3EF-58E6-4B8B-AA96-37FF9A5CECE2}"
EndProject
Project("{9A19103F-16F7-4668-BE54-9A1E7A4F7556}") = "Tyuiu.ZaharovVV.Sprint1.Task2.V6.Test", "Tyuiu.ZaharovVV.Sprint1.Task2.V6.Test\Tyuiu.ZaharovVV.Sprint1.Task2.V6.Test.csproj", "{F32572C5-15B6-4DB4-8858-6A0593811D84}"
EndProject
Project("{2150E333-8FDC-42A3-9474-1A3956D46DE8}") = "Task3", "Task3", "{2CB0B2FC-9C8A-4A42-A446-6BC20CAB1C8C}"
EndProject
Project("{9A19103F-16F7-4668-BE54-9A1E7A4F7556}") = "Tyuiu.ZaharovVV.Sprint1.Task3.V11", "Tyuiu.ZaharovVV.Sprint1.Task3.V11\Tyuiu.ZaharovVV.Sprint1.Task3.V11.csproj", "{9EFF112C-3E92-4BEF-82C7-B91F6C7EF448}"
EndProject
Project("{9A19103F-16F7-4668-BE54-9A1E7A4F7556}") = "Tyuiu.ZaharovVV.Sprint1.Task3.V11.Test", "Tyuiu.ZaharovVV.Sprint1.Task3.V11.Test\Tyuiu.ZaharovVV.Sprint1.Task3.V11.Test.csproj", "{6D836540-2CF4-457E-85D5-010BF1F4211E}"
EndProject
Project("{9A19103F-16F7-4668-BE54-9A1E7A4F7556}") = "Tyuiu.ZaharovVV.Sprint1.Task3.V11.Lib", "Tyuiu.ZaharovVV.Sprint1.Task3.V11.Lib\Tyuiu.ZaharovVV.Sprint1.Task3.V11.Lib.csproj", "{81BF529A-9156-47AA-B551-B0B7EED7AC16}"
EndProject
Project("{2150E333-8FDC-42A3-9474-1A3956D46DE8}") = "Task4", "Task4", "{E4E051EE-B173-4D15-A50C-84958BCAB7F4}"
EndProject
Project("{9A19103F-16F7-4668-BE54-9A1E7A4F7556}") = "Tyuiu.ZaharovVV.Sprint1.Task4.V19", "Tyuiu.ZaharovVV.Sprint1.Task4.V19\Tyuiu.ZaharovVV.Sprint1.Task4.V19.csproj", "{9D8C498B-9110-4519-8DC6-8FE909161979}"
EndProject
Project("{9A19103F-16F7-4668-BE54-9A1E7A4F7556}") = "Tyuiu.ZaharovVV.Sprint1.Task4.V19.Lib", "Tyuiu.ZaharovVV.Sprint1.Task4.V19.Lib\Tyuiu.ZaharovVV.Sprint1.Task4.V19.Lib.csproj", "{F52B657A-82A3-4CAA-B8C0-663A89BA8FC1}"
EndProject
Project("{9A19103F-16F7-4668-BE54-9A1E7A4F7556}") = "Tyuiu.ZaharovVV.Sprint1.Task4.V19.Test", "Tyuiu.ZaharovVV.Sprint1.Task4.V19.Test\Tyuiu.ZaharovVV.Sprint1.Task4.V19.Test.csproj", "{FBC1AAE4-A6F8-4882-B236-BA4F29CA5428}"
EndProject
Project("{2150E333-8FDC-42A3-9474-1A3956D46DE8}") = "Task5", "Task5", "{BF06B9F4-6F0C-42B3-B62C-90E3E11DFD8E}"
EndProject
Project("{FAE04EC0-301F-11D3-BF4B-00C04F79EFBC}") = "Tyuiu.ZaharovVV.Sprint1.Task5.V1.Test", "Tyuiu.ZaharovVV.Sprint1.Task5.V1.Test\Tyuiu.ZaharovVV.Sprint1.Task5.V1.Test.csproj", "{5C16478E-0BAA-4865-BF11-9B7BA7A46E42}"
EndProject
Project("{FAE04EC0-301F-11D3-BF4B-00C04F79EFBC}") = "Tyuiu.ZaharovVV.Sprint1.Task5.V1.Lib", "Tyuiu.ZaharovVV.Sprint1.Task5.V1.Lib\Tyuiu.ZaharovVV.Sprint1.Task5.V1.Lib.csproj", "{ECD68B0A-CECB-4EF5-B62D-C399F12A850B}"
EndProject
Project("{FAE04EC0-301F-11D3-BF4B-00C04F79EFBC}") = "Tyuiu.ZaharovVV.Sprint1.Task5.V1", "Tyuiu.ZaharovVV.Sprint1.Task5.V1\Tyuiu.ZaharovVV.Sprint1.Task5.V1.csproj", "{073E4282-78E6-4A8A-A3ED-09699CFD5C3B}"
EndProject
Project("{2150E333-8FDC-42A3-9474-1A3956D46DE8}") = "Task6", "Task6", "{81729AA5-4F93-4DF1-AD21-50C3B4FBC232}"
EndProject
Project("{FAE04EC0-301F-11D3-BF4B-00C04F79EFBC}") = "Tyuiu.ZaharovVV.Sprint1.Task6.V1", "Tyuiu.ZaharovVV.Sprint1.Task6.V1\Tyuiu.ZaharovVV.Sprint1.Task6.V1.csproj", "{B0C77175-800E-4B4C-8C71-6E4D4E437F9B}"
EndProject
Project("{FAE04EC0-301F-11D3-BF4B-00C04F79EFBC}") = "Tyuiu.ZaharovVV.Sprint1.Task6.V1.Lib", "Tyuiu.ZaharovVV.Sprint1.Task6.V1.Lib\Tyuiu.ZaharovVV.Sprint1.Task6.V1.Lib.csproj", "{A07CD14A-C64E-4942-844A-173D31D5AC5E}"
EndProject
Project("{FAE04EC0-301F-11D3-BF4B-00C04F79EFBC}") = "Tyuiu.ZaharovVV.Sprint1.Task6.V1.Test", "Tyuiu.ZaharovVV.Sprint1.Task6.V1.Test\Tyuiu.ZaharovVV.Sprint1.Task6.V1.Test.csproj", "{FA557F1B-68B1-4BE1-9528-9B24E8867C99}"
EndProject
Project("{FAE04EC0-301F-11D3-BF4B-00C04F79EFBC}") = "Tyuiu.ZaharovVV.Sprint1.Task7.V20", "Tyuiu.ZaharovVV.Sprint1.Task7.V20\Tyuiu.ZaharovVV.Sprint1.Task7.V20.csproj", "{C7810D6E-080F-4EA5-8351-0DBB972952BF}"
EndProject
Project("{2150E333-8FDC-42A3-9474-1A3956D46DE8}") = "Task7", "Task7", "{B86A23A9-EB2D-496F-9987-4F7B8D1954A8}"
EndProject
Project("{FAE04EC0-301F-11D3-BF4B-00C04F79EFBC}") = "Tyuiu.ZaharovVV.Sprint1.Task7.V20.Test", "Tyuiu.ZaharovVV.Sprint1.Task7.V20.Test\Tyuiu.ZaharovVV.Sprint1.Task7.V20.Test.csproj", "{A5295FF8-E759-4BDC-843E-25B997A1FB92}"
EndProject
Project("{FAE04EC0-301F-11D3-BF4B-00C04F79EFBC}") = "Tyuiu.ZaharovVV.Sprint1.Task7.V20.Lib", "Tyuiu.ZaharovVV.Sprint1.Task7.V20.Lib\Tyuiu.ZaharovVV.Sprint1.Task7.V20.Lib.csproj", "{A0BC0B73-AE71-4CA0-AA9F-EF10F24357AA}"
EndProject
Global
	GlobalSection(SolutionConfigurationPlatforms) = preSolution
		Debug|Any CPU = Debug|Any CPU
		Release|Any CPU = Release|Any CPU
	EndGlobalSection
	GlobalSection(ProjectConfigurationPlatforms) = postSolution
		{3E9812F6-6CDC-4002-9E7F-FFADAA69F8B2}.Debug|Any CPU.ActiveCfg = Debug|Any CPU
		{3E9812F6-6CDC-4002-9E7F-FFADAA69F8B2}.Debug|Any CPU.Build.0 = Debug|Any CPU
		{3E9812F6-6CDC-4002-9E7F-FFADAA69F8B2}.Release|Any CPU.ActiveCfg = Release|Any CPU
		{3E9812F6-6CDC-4002-9E7F-FFADAA69F8B2}.Release|Any CPU.Build.0 = Release|Any CPU
		{B74BA3FF-F577-48BF-BFFD-0CF34BD1D598}.Debug|Any CPU.ActiveCfg = Debug|Any CPU
		{B74BA3FF-F577-48BF-BFFD-0CF34BD1D598}.Debug|Any CPU.Build.0 = Debug|Any CPU
		{B74BA3FF-F577-48BF-BFFD-0CF34BD1D598}.Release|Any CPU.ActiveCfg = Release|Any CPU
		{B74BA3FF-F577-48BF-BFFD-0CF34BD1D598}.Release|Any CPU.Build.0 = Release|Any CPU
		{EFCE79CA-2FFD-4A19-B88E-A0778448891C}.Debug|Any CPU.ActiveCfg = Debug|Any CPU
		{EFCE79CA-2FFD-4A19-B88E-A0778448891C}.Debug|Any CPU.Build.0 = Debug|Any CPU
		{EFCE79CA-2FFD-4A19-B88E-A0778448891C}.Release|Any CPU.ActiveCfg = Release|Any CPU
		{EFCE79CA-2FFD-4A19-B88E-A0778448891C}.Release|Any CPU.Build.0 = Release|Any CPU
		{500642BA-E9E8-4DE9-9052-5B3A67533224}.Debug|Any CPU.ActiveCfg = Debug|Any CPU
		{500642BA-E9E8-4DE9-9052-5B3A67533224}.Debug|Any CPU.Build.0 = Debug|Any CPU
		{500642BA-E9E8-4DE9-9052-5B3A67533224}.Release|Any CPU.ActiveCfg = Release|Any CPU
		{500642BA-E9E8-4DE9-9052-5B3A67533224}.Release|Any CPU.Build.0 = Release|Any CPU
		{4D796233-3EDB-40DA-BA26-298AAE53A03F}.Debug|Any CPU.ActiveCfg = Debug|Any CPU
		{4D796233-3EDB-40DA-BA26-298AAE53A03F}.Debug|Any CPU.Build.0 = Debug|Any CPU
		{4D796233-3EDB-40DA-BA26-298AAE53A03F}.Release|Any CPU.ActiveCfg = Release|Any CPU
		{4D796233-3EDB-40DA-BA26-298AAE53A03F}.Release|Any CPU.Build.0 = Release|Any CPU
		{2C3869A7-09A2-4859-93B1-14233ADA4691}.Debug|Any CPU.ActiveCfg = Debug|Any CPU
		{2C3869A7-09A2-4859-93B1-14233ADA4691}.Debug|Any CPU.Build.0 = Debug|Any CPU
		{2C3869A7-09A2-4859-93B1-14233ADA4691}.Release|Any CPU.ActiveCfg = Release|Any CPU
		{2C3869A7-09A2-4859-93B1-14233ADA4691}.Release|Any CPU.Build.0 = Release|Any CPU
		{E34047D5-B421-4E99-976A-34C11CB032DB}.Debug|Any CPU.ActiveCfg = Debug|Any CPU
		{E34047D5-B421-4E99-976A-34C11CB032DB}.Debug|Any CPU.Build.0 = Debug|Any CPU
		{E34047D5-B421-4E99-976A-34C11CB032DB}.Release|Any CPU.ActiveCfg = Release|Any CPU
		{E34047D5-B421-4E99-976A-34C11CB032DB}.Release|Any CPU.Build.0 = Release|Any CPU
		{34C8F3EF-58E6-4B8B-AA96-37FF9A5CECE2}.Debug|Any CPU.ActiveCfg = Debug|Any CPU
		{34C8F3EF-58E6-4B8B-AA96-37FF9A5CECE2}.Debug|Any CPU.Build.0 = Debug|Any CPU
		{34C8F3EF-58E6-4B8B-AA96-37FF9A5CECE2}.Release|Any CPU.ActiveCfg = Release|Any CPU
		{34C8F3EF-58E6-4B8B-AA96-37FF9A5CECE2}.Release|Any CPU.Build.0 = Release|Any CPU
		{F32572C5-15B6-4DB4-8858-6A0593811D84}.Debug|Any CPU.ActiveCfg = Debug|Any CPU
		{F32572C5-15B6-4DB4-8858-6A0593811D84}.Debug|Any CPU.Build.0 = Debug|Any CPU
		{F32572C5-15B6-4DB4-8858-6A0593811D84}.Release|Any CPU.ActiveCfg = Release|Any CPU
		{F32572C5-15B6-4DB4-8858-6A0593811D84}.Release|Any CPU.Build.0 = Release|Any CPU
		{9EFF112C-3E92-4BEF-82C7-B91F6C7EF448}.Debug|Any CPU.ActiveCfg = Debug|Any CPU
		{9EFF112C-3E92-4BEF-82C7-B91F6C7EF448}.Debug|Any CPU.Build.0 = Debug|Any CPU
		{9EFF112C-3E92-4BEF-82C7-B91F6C7EF448}.Release|Any CPU.ActiveCfg = Release|Any CPU
		{9EFF112C-3E92-4BEF-82C7-B91F6C7EF448}.Release|Any CPU.Build.0 = Release|Any CPU
		{6D836540-2CF4-457E-85D5-010BF1F4211E}.Debug|Any CPU.ActiveCfg = Debug|Any CPU
		{6D836540-2CF4-457E-85D5-010BF1F4211E}.Debug|Any CPU.Build.0 = Debug|Any CPU
		{6D836540-2CF4-457E-85D5-010BF1F4211E}.Release|Any CPU.ActiveCfg = Release|Any CPU
		{6D836540-2CF4-457E-85D5-010BF1F4211E}.Release|Any CPU.Build.0 = Release|Any CPU
		{81BF529A-9156-47AA-B551-B0B7EED7AC16}.Debug|Any CPU.ActiveCfg = Debug|Any CPU
		{81BF529A-9156-47AA-B551-B0B7EED7AC16}.Debug|Any CPU.Build.0 = Debug|Any CPU
		{81BF529A-9156-47AA-B551-B0B7EED7AC16}.Release|Any CPU.ActiveCfg = Release|Any CPU
		{81BF529A-9156-47AA-B551-B0B7EED7AC16}.Release|Any CPU.Build.0 = Release|Any CPU
		{9D8C498B-9110-4519-8DC6-8FE909161979}.Debug|Any CPU.ActiveCfg = Debug|Any CPU
		{9D8C498B-9110-4519-8DC6-8FE909161979}.Debug|Any CPU.Build.0 = Debug|Any CPU
		{9D8C498B-9110-4519-8DC6-8FE909161979}.Release|Any CPU.ActiveCfg = Release|Any CPU
		{9D8C498B-9110-4519-8DC6-8FE909161979}.Release|Any CPU.Build.0 = Release|Any CPU
		{F52B657A-82A3-4CAA-B8C0-663A89BA8FC1}.Debug|Any CPU.ActiveCfg = Debug|Any CPU
		{F52B657A-82A3-4CAA-B8C0-663A89BA8FC1}.Debug|Any CPU.Build.0 = Debug|Any CPU
		{F52B657A-82A3-4CAA-B8C0-663A89BA8FC1}.Release|Any CPU.ActiveCfg = Release|Any CPU
		{F52B657A-82A3-4CAA-B8C0-663A89BA8FC1}.Release|Any CPU.Build.0 = Release|Any CPU
		{FBC1AAE4-A6F8-4882-B236-BA4F29CA5428}.Debug|Any CPU.ActiveCfg = Debug|Any CPU
		{FBC1AAE4-A6F8-4882-B236-BA4F29CA5428}.Debug|Any CPU.Build.0 = Debug|Any CPU
		{FBC1AAE4-A6F8-4882-B236-BA4F29CA5428}.Release|Any CPU.ActiveCfg = Release|Any CPU
		{FBC1AAE4-A6F8-4882-B236-BA4F29CA5428}.Release|Any CPU.Build.0 = Release|Any CPU
		{5C16478E-0BAA-4865-BF11-9B7BA7A46E42}.Debug|Any CPU.ActiveCfg = Debug|Any CPU
		{5C16478E-0BAA-4865-BF11-9B7BA7A46E42}.Debug|Any CPU.Build.0 = Debug|Any CPU
		{5C16478E-0BAA-4865-BF11-9B7BA7A46E42}.Release|Any CPU.ActiveCfg = Release|Any CPU
		{5C16478E-0BAA-4865-BF11-9B7BA7A46E42}.Release|Any CPU.Build.0 = Release|Any CPU
		{ECD68B0A-CECB-4EF5-B62D-C399F12A850B}.Debug|Any CPU.ActiveCfg = Debug|Any CPU
		{ECD68B0A-CECB-4EF5-B62D-C399F12A850B}.Debug|Any CPU.Build.0 = Debug|Any CPU
		{ECD68B0A-CECB-4EF5-B62D-C399F12A850B}.Release|Any CPU.ActiveCfg = Release|Any CPU
		{ECD68B0A-CECB-4EF5-B62D-C399F12A850B}.Release|Any CPU.Build.0 = Release|Any CPU
		{073E4282-78E6-4A8A-A3ED-09699CFD5C3B}.Debug|Any CPU.ActiveCfg = Debug|Any CPU
		{073E4282-78E6-4A8A-A3ED-09699CFD5C3B}.Debug|Any CPU.Build.0 = Debug|Any CPU
		{073E4282-78E6-4A8A-A3ED-09699CFD5C3B}.Release|Any CPU.ActiveCfg = Release|Any CPU
		{073E4282-78E6-4A8A-A3ED-09699CFD5C3B}.Release|Any CPU.Build.0 = Release|Any CPU
		{B0C77175-800E-4B4C-8C71-6E4D4E437F9B}.Debug|Any CPU.ActiveCfg = Debug|Any CPU
		{B0C77175-800E-4B4C-8C71-6E4D4E437F9B}.Debug|Any CPU.Build.0 = Debug|Any CPU
		{B0C77175-800E-4B4C-8C71-6E4D4E437F9B}.Release|Any CPU.ActiveCfg = Release|Any CPU
		{B0C77175-800E-4B4C-8C71-6E4D4E437F9B}.Release|Any CPU.Build.0 = Release|Any CPU
		{A07CD14A-C64E-4942-844A-173D31D5AC5E}.Debug|Any CPU.ActiveCfg = Debug|Any CPU
		{A07CD14A-C64E-4942-844A-173D31D5AC5E}.Debug|Any CPU.Build.0 = Debug|Any CPU
		{A07CD14A-C64E-4942-844A-173D31D5AC5E}.Release|Any CPU.ActiveCfg = Release|Any CPU
		{A07CD14A-C64E-4942-844A-173D31D5AC5E}.Release|Any CPU.Build.0 = Release|Any CPU
		{FA557F1B-68B1-4BE1-9528-9B24E8867C99}.Debug|Any CPU.ActiveCfg = Debug|Any CPU
		{FA557F1B-68B1-4BE1-9528-9B24E8867C99}.Debug|Any CPU.Build.0 = Debug|Any CPU
		{FA557F1B-68B1-4BE1-9528-9B24E8867C99}.Release|Any CPU.ActiveCfg = Release|Any CPU
		{FA557F1B-68B1-4BE1-9528-9B24E8867C99}.Release|Any CPU.Build.0 = Release|Any CPU
		{C7810D6E-080F-4EA5-8351-0DBB972952BF}.Debug|Any CPU.ActiveCfg = Debug|Any CPU
		{C7810D6E-080F-4EA5-8351-0DBB972952BF}.Debug|Any CPU.Build.0 = Debug|Any CPU
		{C7810D6E-080F-4EA5-8351-0DBB972952BF}.Release|Any CPU.ActiveCfg = Release|Any CPU
		{C7810D6E-080F-4EA5-8351-0DBB972952BF}.Release|Any CPU.Build.0 = Release|Any CPU
		{A5295FF8-E759-4BDC-843E-25B997A1FB92}.Debug|Any CPU.ActiveCfg = Debug|Any CPU
		{A5295FF8-E759-4BDC-843E-25B997A1FB92}.Debug|Any CPU.Build.0 = Debug|Any CPU
		{A5295FF8-E759-4BDC-843E-25B997A1FB92}.Release|Any CPU.ActiveCfg = Release|Any CPU
		{A5295FF8-E759-4BDC-843E-25B997A1FB92}.Release|Any CPU.Build.0 = Release|Any CPU
		{A0BC0B73-AE71-4CA0-AA9F-EF10F24357AA}.Debug|Any CPU.ActiveCfg = Debug|Any CPU
		{A0BC0B73-AE71-4CA0-AA9F-EF10F24357AA}.Debug|Any CPU.Build.0 = Debug|Any CPU
		{A0BC0B73-AE71-4CA0-AA9F-EF10F24357AA}.Release|Any CPU.ActiveCfg = Release|Any CPU
		{A0BC0B73-AE71-4CA0-AA9F-EF10F24357AA}.Release|Any CPU.Build.0 = Release|Any CPU
	EndGlobalSection
	GlobalSection(SolutionProperties) = preSolution
		HideSolutionNode = FALSE
	EndGlobalSection
	GlobalSection(NestedProjects) = preSolution
		{3E9812F6-6CDC-4002-9E7F-FFADAA69F8B2} = {80D57D15-D1E3-45C0-B469-E5723F18423B}
		{B74BA3FF-F577-48BF-BFFD-0CF34BD1D598} = {80D57D15-D1E3-45C0-B469-E5723F18423B}
		{EFCE79CA-2FFD-4A19-B88E-A0778448891C} = {80D57D15-D1E3-45C0-B469-E5723F18423B}
		{500642BA-E9E8-4DE9-9052-5B3A67533224} = {FBB44EAD-0869-40F5-AF2A-4F5FF07E8471}
		{4D796233-3EDB-40DA-BA26-298AAE53A03F} = {FBB44EAD-0869-40F5-AF2A-4F5FF07E8471}
		{2C3869A7-09A2-4859-93B1-14233ADA4691} = {FBB44EAD-0869-40F5-AF2A-4F5FF07E8471}
		{E34047D5-B421-4E99-976A-34C11CB032DB} = {AE240412-C1B3-459C-A162-A72B7E60E5AF}
		{34C8F3EF-58E6-4B8B-AA96-37FF9A5CECE2} = {AE240412-C1B3-459C-A162-A72B7E60E5AF}
		{F32572C5-15B6-4DB4-8858-6A0593811D84} = {AE240412-C1B3-459C-A162-A72B7E60E5AF}
		{9EFF112C-3E92-4BEF-82C7-B91F6C7EF448} = {2CB0B2FC-9C8A-4A42-A446-6BC20CAB1C8C}
		{6D836540-2CF4-457E-85D5-010BF1F4211E} = {2CB0B2FC-9C8A-4A42-A446-6BC20CAB1C8C}
		{81BF529A-9156-47AA-B551-B0B7EED7AC16} = {2CB0B2FC-9C8A-4A42-A446-6BC20CAB1C8C}
		{9D8C498B-9110-4519-8DC6-8FE909161979} = {E4E051EE-B173-4D15-A50C-84958BCAB7F4}
		{F52B657A-82A3-4CAA-B8C0-663A89BA8FC1} = {E4E051EE-B173-4D15-A50C-84958BCAB7F4}
		{FBC1AAE4-A6F8-4882-B236-BA4F29CA5428} = {E4E051EE-B173-4D15-A50C-84958BCAB7F4}
		{5C16478E-0BAA-4865-BF11-9B7BA7A46E42} = {BF06B9F4-6F0C-42B3-B62C-90E3E11DFD8E}
		{ECD68B0A-CECB-4EF5-B62D-C399F12A850B} = {BF06B9F4-6F0C-42B3-B62C-90E3E11DFD8E}
		{073E4282-78E6-4A8A-A3ED-09699CFD5C3B} = {BF06B9F4-6F0C-42B3-B62C-90E3E11DFD8E}
		{B0C77175-800E-4B4C-8C71-6E4D4E437F9B} = {81729AA5-4F93-4DF1-AD21-50C3B4FBC232}
		{A07CD14A-C64E-4942-844A-173D31D5AC5E} = {81729AA5-4F93-4DF1-AD21-50C3B4FBC232}
		{FA557F1B-68B1-4BE1-9528-9B24E8867C99} = {81729AA5-4F93-4DF1-AD21-50C3B4FBC232}
		{C7810D6E-080F-4EA5-8351-0DBB972952BF} = {B86A23A9-EB2D-496F-9987-4F7B8D1954A8}
		{A5295FF8-E759-4BDC-843E-25B997A1FB92} = {B86A23A9-EB2D-496F-9987-4F7B8D1954A8}
		{A0BC0B73-AE71-4CA0-AA9F-EF10F24357AA} = {B86A23A9-EB2D-496F-9987-4F7B8D1954A8}
	EndGlobalSection
	GlobalSection(ExtensibilityGlobals) = postSolution
		SolutionGuid = {7F70040B-BB32-4671-B69F-3D1AACE1B299}
	EndGlobalSection
EndGlobal
